
Microsoft Visual Studio Solution File, Format Version 12.00
Project("{FAE04EC0-301F-11D3-BF4B-00C04F79EFBC}") = "GrafanaConnector", "GrafanaConnector\GrafanaConnector.csproj", "{D3A63B34-E07B-4A4A-8397-F284D9A1EFDA}"
EndProject
Global
	GlobalSection(SolutionConfigurationPlatforms) = preSolution
		Debug|Any CPU = Debug|Any CPU
		Release|Any CPU = Release|Any CPU
	EndGlobalSection
	GlobalSection(ProjectConfigurationPlatforms) = postSolution
		{D3A63B34-E07B-4A4A-8397-F284D9A1EFDA}.Debug|Any CPU.ActiveCfg = Debug|Any CPU
		{D3A63B34-E07B-4A4A-8397-F284D9A1EFDA}.Debug|Any CPU.Build.0 = Debug|Any CPU
		{D3A63B34-E07B-4A4A-8397-F284D9A1EFDA}.Release|Any CPU.ActiveCfg = Release|Any CPU
		{D3A63B34-E07B-4A4A-8397-F284D9A1EFDA}.Release|Any CPU.Build.0 = Release|Any CPU
	EndGlobalSection
EndGlobal
